
Microsoft Visual Studio Solution File, Format Version 12.00
# Visual Studio 15
VisualStudioVersion = 15.0.26124.0
MinimumVisualStudioVersion = 15.0.26124.0
Project("{FAE04EC0-301F-11D3-BF4B-00C04F79EFBC}") = "l1l2rediscache", "src\l1l2rediscache.csproj", "{F85323F3-29C2-44F8-8C3B-422CC8369846}"
EndProject
Project("{FAE04EC0-301F-11D3-BF4B-00C04F79EFBC}") = "l1l2rediscache.test", "test\l1l2rediscache.test.csproj", "{89845E77-D3CF-4A14-A7D6-33BCE9865158}"
EndProject
Global
	GlobalSection(SolutionConfigurationPlatforms) = preSolution
		Debug|Any CPU = Debug|Any CPU
		Debug|x64 = Debug|x64
		Debug|x86 = Debug|x86
		Release|Any CPU = Release|Any CPU
		Release|x64 = Release|x64
		Release|x86 = Release|x86
	EndGlobalSection
	GlobalSection(SolutionProperties) = preSolution
		HideSolutionNode = FALSE
	EndGlobalSection
	GlobalSection(ProjectConfigurationPlatforms) = postSolution
		{F85323F3-29C2-44F8-8C3B-422CC8369846}.Debug|Any CPU.ActiveCfg = Debug|Any CPU
		{F85323F3-29C2-44F8-8C3B-422CC8369846}.Debug|Any CPU.Build.0 = Debug|Any CPU
		{F85323F3-29C2-44F8-8C3B-422CC8369846}.Debug|x64.ActiveCfg = Debug|Any CPU
		{F85323F3-29C2-44F8-8C3B-422CC8369846}.Debug|x64.Build.0 = Debug|Any CPU
		{F85323F3-29C2-44F8-8C3B-422CC8369846}.Debug|x86.ActiveCfg = Debug|Any CPU
		{F85323F3-29C2-44F8-8C3B-422CC8369846}.Debug|x86.Build.0 = Debug|Any CPU
		{F85323F3-29C2-44F8-8C3B-422CC8369846}.Release|Any CPU.ActiveCfg = Release|Any CPU
		{F85323F3-29C2-44F8-8C3B-422CC8369846}.Release|Any CPU.Build.0 = Release|Any CPU
		{F85323F3-29C2-44F8-8C3B-422CC8369846}.Release|x64.ActiveCfg = Release|Any CPU
		{F85323F3-29C2-44F8-8C3B-422CC8369846}.Release|x64.Build.0 = Release|Any CPU
		{F85323F3-29C2-44F8-8C3B-422CC8369846}.Release|x86.ActiveCfg = Release|Any CPU
		{F85323F3-29C2-44F8-8C3B-422CC8369846}.Release|x86.Build.0 = Release|Any CPU
		{89845E77-D3CF-4A14-A7D6-33BCE9865158}.Debug|Any CPU.ActiveCfg = Debug|Any CPU
		{89845E77-D3CF-4A14-A7D6-33BCE9865158}.Debug|Any CPU.Build.0 = Debug|Any CPU
		{89845E77-D3CF-4A14-A7D6-33BCE9865158}.Debug|x64.ActiveCfg = Debug|Any CPU
		{89845E77-D3CF-4A14-A7D6-33BCE9865158}.Debug|x64.Build.0 = Debug|Any CPU
		{89845E77-D3CF-4A14-A7D6-33BCE9865158}.Debug|x86.ActiveCfg = Debug|Any CPU
		{89845E77-D3CF-4A14-A7D6-33BCE9865158}.Debug|x86.Build.0 = Debug|Any CPU
		{89845E77-D3CF-4A14-A7D6-33BCE9865158}.Release|Any CPU.ActiveCfg = Release|Any CPU
		{89845E77-D3CF-4A14-A7D6-33BCE9865158}.Release|Any CPU.Build.0 = Release|Any CPU
		{89845E77-D3CF-4A14-A7D6-33BCE9865158}.Release|x64.ActiveCfg = Release|Any CPU
		{89845E77-D3CF-4A14-A7D6-33BCE9865158}.Release|x64.Build.0 = Release|Any CPU
		{89845E77-D3CF-4A14-A7D6-33BCE9865158}.Release|x86.ActiveCfg = Release|Any CPU
		{89845E77-D3CF-4A14-A7D6-33BCE9865158}.Release|x86.Build.0 = Release|Any CPU
	EndGlobalSection
EndGlobal
