
Microsoft Visual Studio Solution File, Format Version 12.00
# Visual Studio 15
VisualStudioVersion = 15.0.26124.0
MinimumVisualStudioVersion = 15.0.26124.0
Project("{2150E333-8FDC-42A3-9474-1A3956D46DE8}") = "src", "src", "{FEEBBE29-BAE7-4407-95D5-EB1F56F6BDA3}"
EndProject
Project("{FAE04EC0-301F-11D3-BF4B-00C04F79EFBC}") = "L1L2RedisCache", "src\L1L2RedisCache\L1L2RedisCache.csproj", "{9C09D590-3186-4E27-8103-66C2D6CAFDF2}"
EndProject
Project("{FAE04EC0-301F-11D3-BF4B-00C04F79EFBC}") = "MessagingRedisCache", "src\MessagingRedisCache\MessagingRedisCache.csproj", "{71A8453B-1A5E-49ED-A9A2-17B7DC9A7407}"
EndProject
Project("{2150E333-8FDC-42A3-9474-1A3956D46DE8}") = "tests", "tests", "{E6F22576-963C-4CE3-A653-FBC7DEA5F10A}"
EndProject
Project("{FAE04EC0-301F-11D3-BF4B-00C04F79EFBC}") = "L1L2RedisCache.Tests.System", "tests\MessagingRedisCache\System\MessagingRedisCache.Tests.System.csproj", "{DF934775-FF05-462D-8514-497F68BB8A45}"
EndProject
Project("{FAE04EC0-301F-11D3-BF4B-00C04F79EFBC}") = "L1L2RedisCache.Tests.Unit", "tests\MessagingRedisCache\Unit\MessagingRedisCache.Tests.Unit.csproj", "{8791FCF7-078D-44A5-AC59-C7C2CE469D3F}"
EndProject
Project("{2150E333-8FDC-42A3-9474-1A3956D46DE8}") = "L1L2RedisCache", "L1L2RedisCache", "{E4234EE7-DAAE-40F5-A24F-14C9C2B5F9BD}"
EndProject
Project("{FAE04EC0-301F-11D3-BF4B-00C04F79EFBC}") = "L1L2RedisCache.Tests.System", "tests\L1L2RedisCache\System\L1L2RedisCache.Tests.System.csproj", "{2BA929A4-78E0-4C29-A676-1F5339C99245}"
EndProject
Project("{2150E333-8FDC-42A3-9474-1A3956D46DE8}") = "labs", "labs", "{3E40FF50-EE26-49F6-81B8-94DE4CC9BDF2}"
EndProject
Project("{FAE04EC0-301F-11D3-BF4B-00C04F79EFBC}") = "MessagingRedisCache.Lab", "labs\MessagingRedisCache\MessagingRedisCache.Lab.csproj", "{961D1C90-AD89-4F6F-BBB4-923D9F7C4F3A}"
EndProject
Global
	GlobalSection(SolutionConfigurationPlatforms) = preSolution
		Debug|Any CPU = Debug|Any CPU
		Debug|x64 = Debug|x64
		Debug|x86 = Debug|x86
		Release|Any CPU = Release|Any CPU
		Release|x64 = Release|x64
		Release|x86 = Release|x86
	EndGlobalSection
	GlobalSection(SolutionProperties) = preSolution
		HideSolutionNode = FALSE
	EndGlobalSection
	GlobalSection(ProjectConfigurationPlatforms) = postSolution
		{71A8453B-1A5E-49ED-A9A2-17B7DC9A7407}.Debug|Any CPU.ActiveCfg = Debug|Any CPU
		{71A8453B-1A5E-49ED-A9A2-17B7DC9A7407}.Debug|Any CPU.Build.0 = Debug|Any CPU
		{71A8453B-1A5E-49ED-A9A2-17B7DC9A7407}.Debug|x64.ActiveCfg = Debug|Any CPU
		{71A8453B-1A5E-49ED-A9A2-17B7DC9A7407}.Debug|x64.Build.0 = Debug|Any CPU
		{71A8453B-1A5E-49ED-A9A2-17B7DC9A7407}.Debug|x86.ActiveCfg = Debug|Any CPU
		{71A8453B-1A5E-49ED-A9A2-17B7DC9A7407}.Debug|x86.Build.0 = Debug|Any CPU
		{71A8453B-1A5E-49ED-A9A2-17B7DC9A7407}.Release|Any CPU.ActiveCfg = Release|Any CPU
		{71A8453B-1A5E-49ED-A9A2-17B7DC9A7407}.Release|Any CPU.Build.0 = Release|Any CPU
		{71A8453B-1A5E-49ED-A9A2-17B7DC9A7407}.Release|x64.ActiveCfg = Release|Any CPU
		{71A8453B-1A5E-49ED-A9A2-17B7DC9A7407}.Release|x64.Build.0 = Release|Any CPU
		{71A8453B-1A5E-49ED-A9A2-17B7DC9A7407}.Release|x86.ActiveCfg = Release|Any CPU
		{71A8453B-1A5E-49ED-A9A2-17B7DC9A7407}.Release|x86.Build.0 = Release|Any CPU
		{8791FCF7-078D-44A5-AC59-C7C2CE469D3F}.Debug|Any CPU.ActiveCfg = Debug|Any CPU
		{8791FCF7-078D-44A5-AC59-C7C2CE469D3F}.Debug|Any CPU.Build.0 = Debug|Any CPU
		{8791FCF7-078D-44A5-AC59-C7C2CE469D3F}.Debug|x64.ActiveCfg = Debug|Any CPU
		{8791FCF7-078D-44A5-AC59-C7C2CE469D3F}.Debug|x64.Build.0 = Debug|Any CPU
		{8791FCF7-078D-44A5-AC59-C7C2CE469D3F}.Debug|x86.ActiveCfg = Debug|Any CPU
		{8791FCF7-078D-44A5-AC59-C7C2CE469D3F}.Debug|x86.Build.0 = Debug|Any CPU
		{8791FCF7-078D-44A5-AC59-C7C2CE469D3F}.Release|Any CPU.ActiveCfg = Release|Any CPU
		{8791FCF7-078D-44A5-AC59-C7C2CE469D3F}.Release|Any CPU.Build.0 = Release|Any CPU
		{8791FCF7-078D-44A5-AC59-C7C2CE469D3F}.Release|x64.ActiveCfg = Release|Any CPU
		{8791FCF7-078D-44A5-AC59-C7C2CE469D3F}.Release|x64.Build.0 = Release|Any CPU
		{8791FCF7-078D-44A5-AC59-C7C2CE469D3F}.Release|x86.ActiveCfg = Release|Any CPU
		{8791FCF7-078D-44A5-AC59-C7C2CE469D3F}.Release|x86.Build.0 = Release|Any CPU
		{DF934775-FF05-462D-8514-497F68BB8A45}.Debug|Any CPU.ActiveCfg = Debug|Any CPU
		{DF934775-FF05-462D-8514-497F68BB8A45}.Debug|Any CPU.Build.0 = Debug|Any CPU
		{DF934775-FF05-462D-8514-497F68BB8A45}.Debug|x64.ActiveCfg = Debug|Any CPU
		{DF934775-FF05-462D-8514-497F68BB8A45}.Debug|x64.Build.0 = Debug|Any CPU
		{DF934775-FF05-462D-8514-497F68BB8A45}.Debug|x86.ActiveCfg = Debug|Any CPU
		{DF934775-FF05-462D-8514-497F68BB8A45}.Debug|x86.Build.0 = Debug|Any CPU
		{DF934775-FF05-462D-8514-497F68BB8A45}.Release|Any CPU.ActiveCfg = Release|Any CPU
		{DF934775-FF05-462D-8514-497F68BB8A45}.Release|Any CPU.Build.0 = Release|Any CPU
		{DF934775-FF05-462D-8514-497F68BB8A45}.Release|x64.ActiveCfg = Release|Any CPU
		{DF934775-FF05-462D-8514-497F68BB8A45}.Release|x64.Build.0 = Release|Any CPU
		{DF934775-FF05-462D-8514-497F68BB8A45}.Release|x86.ActiveCfg = Release|Any CPU
		{DF934775-FF05-462D-8514-497F68BB8A45}.Release|x86.Build.0 = Release|Any CPU
		{9C09D590-3186-4E27-8103-66C2D6CAFDF2}.Debug|Any CPU.ActiveCfg = Debug|Any CPU
		{9C09D590-3186-4E27-8103-66C2D6CAFDF2}.Debug|Any CPU.Build.0 = Debug|Any CPU
		{9C09D590-3186-4E27-8103-66C2D6CAFDF2}.Debug|x64.ActiveCfg = Debug|Any CPU
		{9C09D590-3186-4E27-8103-66C2D6CAFDF2}.Debug|x64.Build.0 = Debug|Any CPU
		{9C09D590-3186-4E27-8103-66C2D6CAFDF2}.Debug|x86.ActiveCfg = Debug|Any CPU
		{9C09D590-3186-4E27-8103-66C2D6CAFDF2}.Debug|x86.Build.0 = Debug|Any CPU
		{9C09D590-3186-4E27-8103-66C2D6CAFDF2}.Release|Any CPU.ActiveCfg = Release|Any CPU
		{9C09D590-3186-4E27-8103-66C2D6CAFDF2}.Release|Any CPU.Build.0 = Release|Any CPU
		{9C09D590-3186-4E27-8103-66C2D6CAFDF2}.Release|x64.ActiveCfg = Release|Any CPU
		{9C09D590-3186-4E27-8103-66C2D6CAFDF2}.Release|x64.Build.0 = Release|Any CPU
		{9C09D590-3186-4E27-8103-66C2D6CAFDF2}.Release|x86.ActiveCfg = Release|Any CPU
		{9C09D590-3186-4E27-8103-66C2D6CAFDF2}.Release|x86.Build.0 = Release|Any CPU
		{2BA929A4-78E0-4C29-A676-1F5339C99245}.Debug|Any CPU.ActiveCfg = Debug|Any CPU
		{2BA929A4-78E0-4C29-A676-1F5339C99245}.Debug|Any CPU.Build.0 = Debug|Any CPU
		{2BA929A4-78E0-4C29-A676-1F5339C99245}.Debug|x64.ActiveCfg = Debug|Any CPU
		{2BA929A4-78E0-4C29-A676-1F5339C99245}.Debug|x64.Build.0 = Debug|Any CPU
		{2BA929A4-78E0-4C29-A676-1F5339C99245}.Debug|x86.ActiveCfg = Debug|Any CPU
		{2BA929A4-78E0-4C29-A676-1F5339C99245}.Debug|x86.Build.0 = Debug|Any CPU
		{2BA929A4-78E0-4C29-A676-1F5339C99245}.Release|Any CPU.ActiveCfg = Release|Any CPU
		{2BA929A4-78E0-4C29-A676-1F5339C99245}.Release|Any CPU.Build.0 = Release|Any CPU
		{2BA929A4-78E0-4C29-A676-1F5339C99245}.Release|x64.ActiveCfg = Release|Any CPU
		{2BA929A4-78E0-4C29-A676-1F5339C99245}.Release|x64.Build.0 = Release|Any CPU
		{2BA929A4-78E0-4C29-A676-1F5339C99245}.Release|x86.ActiveCfg = Release|Any CPU
		{2BA929A4-78E0-4C29-A676-1F5339C99245}.Release|x86.Build.0 = Release|Any CPU
		{961D1C90-AD89-4F6F-BBB4-923D9F7C4F3A}.Debug|Any CPU.ActiveCfg = Debug|Any CPU
		{961D1C90-AD89-4F6F-BBB4-923D9F7C4F3A}.Debug|Any CPU.Build.0 = Debug|Any CPU
		{961D1C90-AD89-4F6F-BBB4-923D9F7C4F3A}.Debug|x64.ActiveCfg = Debug|Any CPU
		{961D1C90-AD89-4F6F-BBB4-923D9F7C4F3A}.Debug|x64.Build.0 = Debug|Any CPU
		{961D1C90-AD89-4F6F-BBB4-923D9F7C4F3A}.Debug|x86.ActiveCfg = Debug|Any CPU
		{961D1C90-AD89-4F6F-BBB4-923D9F7C4F3A}.Debug|x86.Build.0 = Debug|Any CPU
		{961D1C90-AD89-4F6F-BBB4-923D9F7C4F3A}.Release|Any CPU.ActiveCfg = Release|Any CPU
		{961D1C90-AD89-4F6F-BBB4-923D9F7C4F3A}.Release|Any CPU.Build.0 = Release|Any CPU
		{961D1C90-AD89-4F6F-BBB4-923D9F7C4F3A}.Release|x64.ActiveCfg = Release|Any CPU
		{961D1C90-AD89-4F6F-BBB4-923D9F7C4F3A}.Release|x64.Build.0 = Release|Any CPU
		{961D1C90-AD89-4F6F-BBB4-923D9F7C4F3A}.Release|x86.ActiveCfg = Release|Any CPU
		{961D1C90-AD89-4F6F-BBB4-923D9F7C4F3A}.Release|x86.Build.0 = Release|Any CPU
	EndGlobalSection
	GlobalSection(NestedProjects) = preSolution
		{DF934775-FF05-462D-8514-497F68BB8A45} = {E6F22576-963C-4CE3-A653-FBC7DEA5F10A}
		{9C09D590-3186-4E27-8103-66C2D6CAFDF2} = {FEEBBE29-BAE7-4407-95D5-EB1F56F6BDA3}
		{E4234EE7-DAAE-40F5-A24F-14C9C2B5F9BD} = {E6F22576-963C-4CE3-A653-FBC7DEA5F10A}
		{2BA929A4-78E0-4C29-A676-1F5339C99245} = {E4234EE7-DAAE-40F5-A24F-14C9C2B5F9BD}
		{961D1C90-AD89-4F6F-BBB4-923D9F7C4F3A} = {3E40FF50-EE26-49F6-81B8-94DE4CC9BDF2}
	EndGlobalSection
EndGlobal
