
Microsoft Visual Studio Solution File, Format Version 12.00
# Visual Studio 15
VisualStudioVersion = 15.0.26124.0
MinimumVisualStudioVersion = 15.0.26124.0
Project("{FAE04EC0-301F-11D3-BF4B-00C04F79EFBC}") = "l1l2rediscache", "src\L1L2RedisCache.csproj", "{71A8453B-1A5E-49ED-A9A2-17B7DC9A7407}"
EndProject
Project("{2150E333-8FDC-42A3-9474-1A3956D46DE8}") = "test", "test", "{542FBBBA-FA6D-4015-A3D6-CE172E014B1F}"
EndProject
Project("{FAE04EC0-301F-11D3-BF4B-00C04F79EFBC}") = "L1L2RedisCache.Tests.Unit", "tests\Unit\L1L2RedisCache.Tests.Unit.csproj", "{8791FCF7-078D-44A5-AC59-C7C2CE469D3F}"
EndProject
Project("{FAE04EC0-301F-11D3-BF4B-00C04F79EFBC}") = "L1L2RedisCache.Tests.System", "tests\System\L1L2RedisCache.Tests.System.csproj", "{A0078F37-4108-43E7-A57E-613FA5965771}"
EndProject
Global
	GlobalSection(SolutionConfigurationPlatforms) = preSolution
		Debug|Any CPU = Debug|Any CPU
		Debug|x64 = Debug|x64
		Debug|x86 = Debug|x86
		Release|Any CPU = Release|Any CPU
		Release|x64 = Release|x64
		Release|x86 = Release|x86
	EndGlobalSection
	GlobalSection(SolutionProperties) = preSolution
		HideSolutionNode = FALSE
	EndGlobalSection
	GlobalSection(ProjectConfigurationPlatforms) = postSolution
		{71A8453B-1A5E-49ED-A9A2-17B7DC9A7407}.Debug|Any CPU.ActiveCfg = Debug|Any CPU
		{71A8453B-1A5E-49ED-A9A2-17B7DC9A7407}.Debug|Any CPU.Build.0 = Debug|Any CPU
		{71A8453B-1A5E-49ED-A9A2-17B7DC9A7407}.Debug|x64.ActiveCfg = Debug|Any CPU
		{71A8453B-1A5E-49ED-A9A2-17B7DC9A7407}.Debug|x64.Build.0 = Debug|Any CPU
		{71A8453B-1A5E-49ED-A9A2-17B7DC9A7407}.Debug|x86.ActiveCfg = Debug|Any CPU
		{71A8453B-1A5E-49ED-A9A2-17B7DC9A7407}.Debug|x86.Build.0 = Debug|Any CPU
		{71A8453B-1A5E-49ED-A9A2-17B7DC9A7407}.Release|Any CPU.ActiveCfg = Release|Any CPU
		{71A8453B-1A5E-49ED-A9A2-17B7DC9A7407}.Release|Any CPU.Build.0 = Release|Any CPU
		{71A8453B-1A5E-49ED-A9A2-17B7DC9A7407}.Release|x64.ActiveCfg = Release|Any CPU
		{71A8453B-1A5E-49ED-A9A2-17B7DC9A7407}.Release|x64.Build.0 = Release|Any CPU
		{71A8453B-1A5E-49ED-A9A2-17B7DC9A7407}.Release|x86.ActiveCfg = Release|Any CPU
		{71A8453B-1A5E-49ED-A9A2-17B7DC9A7407}.Release|x86.Build.0 = Release|Any CPU
		{8791FCF7-078D-44A5-AC59-C7C2CE469D3F}.Debug|Any CPU.ActiveCfg = Debug|Any CPU
		{8791FCF7-078D-44A5-AC59-C7C2CE469D3F}.Debug|Any CPU.Build.0 = Debug|Any CPU
		{8791FCF7-078D-44A5-AC59-C7C2CE469D3F}.Debug|x64.ActiveCfg = Debug|Any CPU
		{8791FCF7-078D-44A5-AC59-C7C2CE469D3F}.Debug|x64.Build.0 = Debug|Any CPU
		{8791FCF7-078D-44A5-AC59-C7C2CE469D3F}.Debug|x86.ActiveCfg = Debug|Any CPU
		{8791FCF7-078D-44A5-AC59-C7C2CE469D3F}.Debug|x86.Build.0 = Debug|Any CPU
		{8791FCF7-078D-44A5-AC59-C7C2CE469D3F}.Release|Any CPU.ActiveCfg = Release|Any CPU
		{8791FCF7-078D-44A5-AC59-C7C2CE469D3F}.Release|Any CPU.Build.0 = Release|Any CPU
		{8791FCF7-078D-44A5-AC59-C7C2CE469D3F}.Release|x64.ActiveCfg = Release|Any CPU
		{8791FCF7-078D-44A5-AC59-C7C2CE469D3F}.Release|x64.Build.0 = Release|Any CPU
		{8791FCF7-078D-44A5-AC59-C7C2CE469D3F}.Release|x86.ActiveCfg = Release|Any CPU
		{8791FCF7-078D-44A5-AC59-C7C2CE469D3F}.Release|x86.Build.0 = Release|Any CPU
		{A0078F37-4108-43E7-A57E-613FA5965771}.Debug|Any CPU.ActiveCfg = Debug|Any CPU
		{A0078F37-4108-43E7-A57E-613FA5965771}.Debug|Any CPU.Build.0 = Debug|Any CPU
		{A0078F37-4108-43E7-A57E-613FA5965771}.Debug|x64.ActiveCfg = Debug|Any CPU
		{A0078F37-4108-43E7-A57E-613FA5965771}.Debug|x64.Build.0 = Debug|Any CPU
		{A0078F37-4108-43E7-A57E-613FA5965771}.Debug|x86.ActiveCfg = Debug|Any CPU
		{A0078F37-4108-43E7-A57E-613FA5965771}.Debug|x86.Build.0 = Debug|Any CPU
		{A0078F37-4108-43E7-A57E-613FA5965771}.Release|Any CPU.ActiveCfg = Release|Any CPU
		{A0078F37-4108-43E7-A57E-613FA5965771}.Release|Any CPU.Build.0 = Release|Any CPU
		{A0078F37-4108-43E7-A57E-613FA5965771}.Release|x64.ActiveCfg = Release|Any CPU
		{A0078F37-4108-43E7-A57E-613FA5965771}.Release|x64.Build.0 = Release|Any CPU
		{A0078F37-4108-43E7-A57E-613FA5965771}.Release|x86.ActiveCfg = Release|Any CPU
		{A0078F37-4108-43E7-A57E-613FA5965771}.Release|x86.Build.0 = Release|Any CPU
	EndGlobalSection
	GlobalSection(NestedProjects) = preSolution
		{8791FCF7-078D-44A5-AC59-C7C2CE469D3F} = {542FBBBA-FA6D-4015-A3D6-CE172E014B1F}
		{A0078F37-4108-43E7-A57E-613FA5965771} = {542FBBBA-FA6D-4015-A3D6-CE172E014B1F}
	EndGlobalSection
EndGlobal
